
Microsoft Visual Studio Solution File, Format Version 12.00
# Visual Studio Version 16
VisualStudioVersion = 16.0.29920.165
MinimumVisualStudioVersion = 10.0.40219.1
Project("{FAE04EC0-301F-11D3-BF4B-00C04F79EFBC}") = "SignalRTypeScriptGenerator", "SignalRTypeScriptGenerator\SignalRTypeScriptGenerator.csproj", "{267D0BC3-2C7E-45E3-A13D-BC9ADCAD9D61}"
EndProject
Global
	GlobalSection(SolutionConfigurationPlatforms) = preSolution
		Debug|Any CPU = Debug|Any CPU
		Release|Any CPU = Release|Any CPU
	EndGlobalSection
	GlobalSection(ProjectConfigurationPlatforms) = postSolution
		{267D0BC3-2C7E-45E3-A13D-BC9ADCAD9D61}.Debug|Any CPU.ActiveCfg = Debug|Any CPU
		{267D0BC3-2C7E-45E3-A13D-BC9ADCAD9D61}.Debug|Any CPU.Build.0 = Debug|Any CPU
		{267D0BC3-2C7E-45E3-A13D-BC9ADCAD9D61}.Release|Any CPU.ActiveCfg = Release|Any CPU
		{267D0BC3-2C7E-45E3-A13D-BC9ADCAD9D61}.Release|Any CPU.Build.0 = Release|Any CPU
	EndGlobalSection
	GlobalSection(SolutionProperties) = preSolution
		HideSolutionNode = FALSE
	EndGlobalSection
	GlobalSection(ExtensibilityGlobals) = postSolution
		SolutionGuid = {DA44464C-1731-4211-B628-5B77C4F7CE50}
	EndGlobalSection
EndGlobal
